
Microsoft Visual Studio Solution File, Format Version 12.00
# Visual Studio Version 16
VisualStudioVersion = 16.0.29609.76
MinimumVisualStudioVersion = 10.0.40219.1
Project("{FAE04EC0-301F-11D3-BF4B-00C04F79EFBC}") = "CodeEndeavors.ResourceManager", "CodeEndeavors.ResourceManager\CodeEndeavors.ResourceManager.csproj", "{9E774DC3-CA28-49D1-B2CB-BEE671D2BE49}"
EndProject
Project("{FAE04EC0-301F-11D3-BF4B-00C04F79EFBC}") = "CodeEndeavors.ResourceManager.Shared", "CodeEndeavors.ResourceManager.Shared\CodeEndeavors.ResourceManager.Shared.csproj", "{581AEE2E-7F0F-4296-AB8C-6D089F68E8B7}"
EndProject
Project("{FAE04EC0-301F-11D3-BF4B-00C04F79EFBC}") = "CodeEndeavors.ResourceManager.File", "CodeEndeavors.ResourceManager.File\CodeEndeavors.ResourceManager.File.csproj", "{77BE6536-59B7-44B9-8257-33212500D01D}"
	ProjectSection(ProjectDependencies) = postProject
		{581AEE2E-7F0F-4296-AB8C-6D089F68E8B7} = {581AEE2E-7F0F-4296-AB8C-6D089F68E8B7}
		{9E774DC3-CA28-49D1-B2CB-BEE671D2BE49} = {9E774DC3-CA28-49D1-B2CB-BEE671D2BE49}
	EndProjectSection
EndProject
Project("{FAE04EC0-301F-11D3-BF4B-00C04F79EFBC}") = "CodeEndeavors.ResourceManager.SQLServer", "CodeEndeavors.ResourceManager.SQLServer\CodeEndeavors.ResourceManager.SQLServer.csproj", "{BA9625D8-C7F0-4A2F-81CE-98662F7D5BC2}"
	ProjectSection(ProjectDependencies) = postProject
		{581AEE2E-7F0F-4296-AB8C-6D089F68E8B7} = {581AEE2E-7F0F-4296-AB8C-6D089F68E8B7}
		{9E774DC3-CA28-49D1-B2CB-BEE671D2BE49} = {9E774DC3-CA28-49D1-B2CB-BEE671D2BE49}
	EndProjectSection
EndProject
Project("{FAE04EC0-301F-11D3-BF4B-00C04F79EFBC}") = "CodeEndeavors.ResourceManager.ServiceHost", "CodeEndeavors.ResourceManager.ServiceHost\CodeEndeavors.ResourceManager.ServiceHost.csproj", "{EB00AC97-E5CB-4181-AA04-7ADE2A5AD5A3}"
	ProjectSection(ProjectDependencies) = postProject
		{581AEE2E-7F0F-4296-AB8C-6D089F68E8B7} = {581AEE2E-7F0F-4296-AB8C-6D089F68E8B7}
		{9E774DC3-CA28-49D1-B2CB-BEE671D2BE49} = {9E774DC3-CA28-49D1-B2CB-BEE671D2BE49}
	EndProjectSection
EndProject
Global
	GlobalSection(SolutionConfigurationPlatforms) = preSolution
		Debug|Any CPU = Debug|Any CPU
		Debug|Mixed Platforms = Debug|Mixed Platforms
		Debug|x86 = Debug|x86
		Release|Any CPU = Release|Any CPU
		Release|Mixed Platforms = Release|Mixed Platforms
		Release|x86 = Release|x86
	EndGlobalSection
	GlobalSection(ProjectConfigurationPlatforms) = postSolution
		{9E774DC3-CA28-49D1-B2CB-BEE671D2BE49}.Debug|Any CPU.ActiveCfg = Debug|Any CPU
		{9E774DC3-CA28-49D1-B2CB-BEE671D2BE49}.Debug|Any CPU.Build.0 = Debug|Any CPU
		{9E774DC3-CA28-49D1-B2CB-BEE671D2BE49}.Debug|Mixed Platforms.ActiveCfg = Debug|Any CPU
		{9E774DC3-CA28-49D1-B2CB-BEE671D2BE49}.Debug|Mixed Platforms.Build.0 = Debug|Any CPU
		{9E774DC3-CA28-49D1-B2CB-BEE671D2BE49}.Debug|x86.ActiveCfg = Debug|Any CPU
		{9E774DC3-CA28-49D1-B2CB-BEE671D2BE49}.Release|Any CPU.ActiveCfg = Release|Any CPU
		{9E774DC3-CA28-49D1-B2CB-BEE671D2BE49}.Release|Any CPU.Build.0 = Release|Any CPU
		{9E774DC3-CA28-49D1-B2CB-BEE671D2BE49}.Release|Mixed Platforms.ActiveCfg = Release|Any CPU
		{9E774DC3-CA28-49D1-B2CB-BEE671D2BE49}.Release|Mixed Platforms.Build.0 = Release|Any CPU
		{9E774DC3-CA28-49D1-B2CB-BEE671D2BE49}.Release|x86.ActiveCfg = Release|Any CPU
		{581AEE2E-7F0F-4296-AB8C-6D089F68E8B7}.Debug|Any CPU.ActiveCfg = Debug|Any CPU
		{581AEE2E-7F0F-4296-AB8C-6D089F68E8B7}.Debug|Any CPU.Build.0 = Debug|Any CPU
		{581AEE2E-7F0F-4296-AB8C-6D089F68E8B7}.Debug|Mixed Platforms.ActiveCfg = Debug|Any CPU
		{581AEE2E-7F0F-4296-AB8C-6D089F68E8B7}.Debug|Mixed Platforms.Build.0 = Debug|Any CPU
		{581AEE2E-7F0F-4296-AB8C-6D089F68E8B7}.Debug|x86.ActiveCfg = Debug|Any CPU
		{581AEE2E-7F0F-4296-AB8C-6D089F68E8B7}.Release|Any CPU.ActiveCfg = Release|Any CPU
		{581AEE2E-7F0F-4296-AB8C-6D089F68E8B7}.Release|Any CPU.Build.0 = Release|Any CPU
		{581AEE2E-7F0F-4296-AB8C-6D089F68E8B7}.Release|Mixed Platforms.ActiveCfg = Release|Any CPU
		{581AEE2E-7F0F-4296-AB8C-6D089F68E8B7}.Release|Mixed Platforms.Build.0 = Release|Any CPU
		{581AEE2E-7F0F-4296-AB8C-6D089F68E8B7}.Release|x86.ActiveCfg = Release|Any CPU
		{77BE6536-59B7-44B9-8257-33212500D01D}.Debug|Any CPU.ActiveCfg = Debug|Any CPU
		{77BE6536-59B7-44B9-8257-33212500D01D}.Debug|Any CPU.Build.0 = Debug|Any CPU
		{77BE6536-59B7-44B9-8257-33212500D01D}.Debug|Mixed Platforms.ActiveCfg = Debug|Any CPU
		{77BE6536-59B7-44B9-8257-33212500D01D}.Debug|Mixed Platforms.Build.0 = Debug|Any CPU
		{77BE6536-59B7-44B9-8257-33212500D01D}.Debug|x86.ActiveCfg = Debug|Any CPU
		{77BE6536-59B7-44B9-8257-33212500D01D}.Release|Any CPU.ActiveCfg = Release|Any CPU
		{77BE6536-59B7-44B9-8257-33212500D01D}.Release|Any CPU.Build.0 = Release|Any CPU
		{77BE6536-59B7-44B9-8257-33212500D01D}.Release|Mixed Platforms.ActiveCfg = Release|Any CPU
		{77BE6536-59B7-44B9-8257-33212500D01D}.Release|Mixed Platforms.Build.0 = Release|Any CPU
		{77BE6536-59B7-44B9-8257-33212500D01D}.Release|x86.ActiveCfg = Release|Any CPU
		{BA9625D8-C7F0-4A2F-81CE-98662F7D5BC2}.Debug|Any CPU.ActiveCfg = Debug|Any CPU
		{BA9625D8-C7F0-4A2F-81CE-98662F7D5BC2}.Debug|Any CPU.Build.0 = Debug|Any CPU
		{BA9625D8-C7F0-4A2F-81CE-98662F7D5BC2}.Debug|Mixed Platforms.ActiveCfg = Debug|Any CPU
		{BA9625D8-C7F0-4A2F-81CE-98662F7D5BC2}.Debug|Mixed Platforms.Build.0 = Debug|Any CPU
		{BA9625D8-C7F0-4A2F-81CE-98662F7D5BC2}.Debug|x86.ActiveCfg = Debug|Any CPU
		{BA9625D8-C7F0-4A2F-81CE-98662F7D5BC2}.Release|Any CPU.ActiveCfg = Release|Any CPU
		{BA9625D8-C7F0-4A2F-81CE-98662F7D5BC2}.Release|Any CPU.Build.0 = Release|Any CPU
		{BA9625D8-C7F0-4A2F-81CE-98662F7D5BC2}.Release|Mixed Platforms.ActiveCfg = Release|Any CPU
		{BA9625D8-C7F0-4A2F-81CE-98662F7D5BC2}.Release|Mixed Platforms.Build.0 = Release|Any CPU
		{BA9625D8-C7F0-4A2F-81CE-98662F7D5BC2}.Release|x86.ActiveCfg = Release|Any CPU
		{EB00AC97-E5CB-4181-AA04-7ADE2A5AD5A3}.Debug|Any CPU.ActiveCfg = Debug|Any CPU
		{EB00AC97-E5CB-4181-AA04-7ADE2A5AD5A3}.Debug|Any CPU.Build.0 = Debug|Any CPU
		{EB00AC97-E5CB-4181-AA04-7ADE2A5AD5A3}.Debug|Mixed Platforms.ActiveCfg = Debug|Any CPU
		{EB00AC97-E5CB-4181-AA04-7ADE2A5AD5A3}.Debug|Mixed Platforms.Build.0 = Debug|Any CPU
		{EB00AC97-E5CB-4181-AA04-7ADE2A5AD5A3}.Debug|x86.ActiveCfg = Debug|Any CPU
		{EB00AC97-E5CB-4181-AA04-7ADE2A5AD5A3}.Release|Any CPU.ActiveCfg = Release|Any CPU
		{EB00AC97-E5CB-4181-AA04-7ADE2A5AD5A3}.Release|Any CPU.Build.0 = Release|Any CPU
		{EB00AC97-E5CB-4181-AA04-7ADE2A5AD5A3}.Release|Mixed Platforms.ActiveCfg = Release|Any CPU
		{EB00AC97-E5CB-4181-AA04-7ADE2A5AD5A3}.Release|Mixed Platforms.Build.0 = Release|Any CPU
		{EB00AC97-E5CB-4181-AA04-7ADE2A5AD5A3}.Release|x86.ActiveCfg = Release|Any CPU
	EndGlobalSection
	GlobalSection(SolutionProperties) = preSolution
		HideSolutionNode = FALSE
	EndGlobalSection
	GlobalSection(ExtensibilityGlobals) = postSolution
		SolutionGuid = {12F06DCF-A98C-44AC-BAC2-3F1C4AF3B5EF}
	EndGlobalSection
	GlobalSection(TestCaseManagementSettings) = postSolution
		CategoryFile = CodeEndeavors.ResourceManager.vsmdi
	EndGlobalSection
EndGlobal
